NeoBundleLock caw.vim 8a85fa8ff26ea60afd4bf9400cfc2263be127d51
NeoBundleLock context_filetype.vim c0ce6302cfff64cc83b47062fab720e2d10bf5e4
NeoBundleLock emmet-vim b4b21450f2c89b8abf41aa4bd011c2b27d1c241d
NeoBundleLock jedi-vim a0c3269420d21e48cdad77c832e2da4a290b3cb4
NeoBundleLock molokai c67bdfcdb31415aa0ade7f8c003261700a885476
NeoBundleLock neobundle.vim 6bf4fa1cf3cebfed76f5e300949faef0b78fbfbc
NeoBundleLock neocomplete.vim 81d39635625730ca43f08762e2908b96e7b7f077
NeoBundleLock neoinclude.vim 4a2de0dcd52fb8c85224d2fea109324d1b4d6d9d
NeoBundleLock shabadou.vim c5af30bb0c028d53cfd89e00cab636c844034a9a
NeoBundleLock vim-clang 739c9d4103adaaf64be5f27d1cf7c792c3bc9887
NeoBundleLock vim-hybrid cc58baabeabc7b83768e25b852bf89c34756bf90
NeoBundleLock vim-indent-guides 018298ead9d3aa9cd3b4ae222f81022a33978b09
NeoBundleLock vim-quickrun 76f576959cc7d971fcb5ffea25ad72887e3ea035
NeoBundleLock vim-submode d44a302b3ca97c8014c35c93893ca8fec0b95e4e
NeoBundleLock vim-surround 2d05440ad23f97a7874ebd9b5de3a0e65d25d85c
NeoBundleLock vimproc.vim 0ff17bc0725cd0323df87664fa02b1436349f667
NeoBundleLock vimshell 3787e52766812d8b99a93ccdda57517bc2a0bab6
NeoBundleLock vimtex 7ba646effbf7e5c0af7f960a9852a0c83fcfde77
NeoBundleLock yankround.vim bced716bb283a328c4dbec056bba36e53b2b404b
